<?xml version="1.0" encoding="utf-8"?>
<Project ToolsVersion="4.0" xmlns="http://schemas.microsoft.com/developer/msbuild/2003">
  <ItemGroup>
    <Filter Include="Source Files">
      <UniqueIdentifier>{4FC737F1-C7A5-4376-A066-2A32D752A2FF}</UniqueIdentifier>
      <Extensions>cpp;c;cc;cxx;c++;cppm;ixx;def;odl;idl;hpj;bat;asm;asmx</Extensions>
    </Filter>
    <Filter Include="Header Files">
      <UniqueIdentifier>{93995380-89BD-4b04-88EB-625FBE52EBFB}</UniqueIdentifier>
      <Extensions>h;hh;hpp;hxx;h++;hm;inl;inc;ipp;xsd</Extensions>
    </Filter>
    <Filter Include="Resource Files">
      <UniqueIdentifier>{67DA6AB6-F800-4c08-8B7A-83BB121AAD01}</UniqueIdentifier>
      <Extensions>rc;ico;cur;bmp;dlg;rc2;rct;bin;rgs;gif;jpg;jpeg;jpe;resx;tiff;tif;png;wav;mfcribbon-ms</Extensions>
    </Filter>
  </ItemGroup>
  <ItemGroup>
    <ClInclude Include="h\generators\ConjugationIntegerPartitionsGenerator.h">
      <Filter>Header Files</Filter>
    </ClInclude>
    <ClInclude Include="h\generators\FilterSetPartitionsGenerator.h">
      <Filter>Header Files</Filter>
    </ClInclude>
    <ClInclude Include="h\generators\IntegerPartitionsGenerator.h">
      <Filter>Header Files</Filter>
    </ClInclude>
    <ClInclude Include="h\generators\IntegerPartitionsGeneratorFactory.h">
      <Filter>Header Files</Filter>
    </ClInclude>
    <ClInclude Include="h\generators\SetPartitionsGenerator.h">
      <Filter>Header Files</Filter>
    </ClInclude>
    <ClInclude Include="h\generators\SetPartitionsGeneratorFactory.h">
      <Filter>Header Files</Filter>
    </ClInclude>
    <ClInclude Include="h\generators\SimpleBacktrackingIntegerPartitionsGenerator.h">
      <Filter>Header Files</Filter>
    </ClInclude>
    <ClInclude Include="h\generators\SimpleBacktrackingSetPartitionsGenerator.h">
      <Filter>Header Files</Filter>
    </ClInclude>
    <ClInclude Include="h\generators\TreeIntegerPartitionsGenerator.h">
      <Filter>Header Files</Filter>
    </ClInclude>
    <ClInclude Include="h\visitors\IntegerPartitionVisitor.h">
      <Filter>Header Files</Filter>
    </ClInclude>
    <ClInclude Include="h\visitors\IntegerPartitionVisitorBenchmark.h">
      <Filter>Header Files</Filter>
    </ClInclude>
    <ClInclude Include="h\visitors\IntegerPartitionVisitorCounter.h">
      <Filter>Header Files</Filter>
    </ClInclude>
    <ClInclude Include="h\visitors\IntegerPartitionVisitorFactory.h">
      <Filter>Header Files</Filter>
    </ClInclude>
    <ClInclude Include="h\visitors\SetPartitionVisitor.h">
      <Filter>Header Files</Filter>
    </ClInclude>
    <ClInclude Include="h\visitors\SetPartitionVisitorBenchmark.h">
      <Filter>Header Files</Filter>
    </ClInclude>
    <ClInclude Include="h\visitors\SetPartitionVisitorCounter.h">
      <Filter>Header Files</Filter>
    </ClInclude>
    <ClInclude Include="h\visitors\SetPartitionVisitorFactory.h">
      <Filter>Header Files</Filter>
    </ClInclude>
  </ItemGroup>
  <ItemGroup>
    <ClCompile Include="src\generators\ConjugationIntegerPartitionsGenerator.cpp">
      <Filter>Source Files</Filter>
    </ClCompile>
    <ClCompile Include="src\generators\FilterSetPartitionsGenerator.cpp">
      <Filter>Source Files</Filter>
    </ClCompile>
    <ClCompile Include="src\generators\IntegerPartitionsGeneratorFactory.cpp">
      <Filter>Source Files</Filter>
    </ClCompile>
    <ClCompile Include="src\generators\SetPartitionsGeneratorFactory.cpp">
      <Filter>Source Files</Filter>
    </ClCompile>
    <ClCompile Include="src\generators\SimpleBacktrackingIntegerPartitionsGenerator.cpp">
      <Filter>Source Files</Filter>
    </ClCompile>
    <ClCompile Include="src\generators\SimpleBacktrackingSetPartitionsGenerator.cpp">
      <Filter>Source Files</Filter>
    </ClCompile>
    <ClCompile Include="src\generators\TreeIntegerPartitionsGenerator.cpp">
      <Filter>Source Files</Filter>
    </ClCompile>
    <ClCompile Include="src\visitors\IntegerPartitionVisitor.cpp">
      <Filter>Source Files</Filter>
    </ClCompile>
    <ClCompile Include="src\visitors\IntegerPartitionVisitorBenchmark.cpp">
      <Filter>Source Files</Filter>
    </ClCompile>
    <ClCompile Include="src\visitors\IntegerPartitionVisitorCounter.cpp">
      <Filter>Source Files</Filter>
    </ClCompile>
    <ClCompile Include="src\visitors\IntegerPartitionVisitorFactory.cpp">
      <Filter>Source Files</Filter>
    </ClCompile>
    <ClCompile Include="src\visitors\SetPartitionVisitor.cpp">
      <Filter>Source Files</Filter>
    </ClCompile>
    <ClCompile Include="src\visitors\SetPartitionVisitorBenchmark.cpp">
      <Filter>Source Files</Filter>
    </ClCompile>
    <ClCompile Include="src\visitors\SetPartitionVisitorCounter.cpp">
      <Filter>Source Files</Filter>
    </ClCompile>
    <ClCompile Include="src\visitors\SetPartitionVisitorFactory.cpp">
      <Filter>Source Files</Filter>
    </ClCompile>
    <ClCompile Include="src\main.cpp">
      <Filter>Source Files</Filter>
    </ClCompile>
  </ItemGroup>
</Project>